<?xml version="1.0" encoding="utf-8"?>
<Project ToolsVersion="4.0" xmlns="http://schemas.microsoft.com/developer/msbuild/2003">
  <ItemGroup>
    <Filter Include="源文件">
      <UniqueIdentifier>{4FC737F1-C7A5-4376-A066-2A32D752A2FF}</UniqueIdentifier>
      <Extensions>cpp;c;cc;cxx;def;odl;idl;hpj;bat;asm;asmx</Extensions>
    </Filter>
    <Filter Include="头文件">
      <UniqueIdentifier>{93995380-89BD-4b04-88EB-625FBE52EBFB}</UniqueIdentifier>
      <Extensions>h;hh;hpp;hxx;hm;inl;inc;ipp;xsd</Extensions>
    </Filter>
    <Filter Include="资源文件">
      <UniqueIdentifier>{67DA6AB6-F800-4c08-8B7A-83BB121AAD01}</UniqueIdentifier>
      <Extensions>rc;ico;cur;bmp;dlg;rc2;rct;bin;rgs;gif;jpg;jpeg;jpe;resx;tiff;tif;png;wav;mfcribbon-ms</Extensions>
    </Filter>
  </ItemGroup>
  <ItemGroup>
    <ClInclude Include="pch.h">
      <Filter>头文件</Filter>
    </ClInclude>
    <ClInclude Include="G:\QQ File\1390435486\五子棋框架\五子棋框架\VS\renju\createmoves.h">
      <Filter>头文件</Filter>
    </ClInclude>
    <ClInclude Include="G:\QQ File\1390435486\五子棋框架\五子棋框架\VS\renju\define.h">
      <Filter>头文件</Filter>
    </ClInclude>
    <ClInclude Include="G:\QQ File\1390435486\五子棋框架\五子棋框架\VS\renju\evaluate.h">
      <Filter>头文件</Filter>
    </ClInclude>
    <ClInclude Include="G:\QQ File\1390435486\五子棋框架\五子棋框架\VS\renju\makemove.h">
      <Filter>头文件</Filter>
    </ClInclude>
    <ClInclude Include="G:\QQ File\1390435486\五子棋框架\五子棋框架\VS\renju\printchessboard.h">
      <Filter>头文件</Filter>
    </ClInclude>
    <ClInclude Include="G:\QQ File\1390435486\五子棋框架\五子棋框架\VS\renju\searchmove.h">
      <Filter>头文件</Filter>
    </ClInclude>
    <ClInclude Include="G:\QQ File\1390435486\五子棋框架\五子棋框架\头文件\createmoves.h">
      <Filter>头文件</Filter>
    </ClInclude>
    <ClInclude Include="G:\QQ File\1390435486\五子棋框架\五子棋框架\头文件\define.h">
      <Filter>头文件</Filter>
    </ClInclude>
    <ClInclude Include="G:\QQ File\1390435486\五子棋框架\五子棋框架\头文件\evaluate.h">
      <Filter>头文件</Filter>
    </ClInclude>
    <ClInclude Include="G:\QQ File\1390435486\五子棋框架\五子棋框架\头文件\makemove.h">
      <Filter>头文件</Filter>
    </ClInclude>
    <ClInclude Include="G:\QQ File\1390435486\五子棋框架\五子棋框架\头文件\printchessboard.h">
      <Filter>头文件</Filter>
    </ClInclude>
    <ClInclude Include="G:\QQ File\1390435486\五子棋框架\五子棋框架\头文件\searchmove.h">
      <Filter>头文件</Filter>
    </ClInclude>
  </ItemGroup>
  <ItemGroup>
    <ClCompile Include="Gobang-AI.cpp">
      <Filter>源文件</Filter>
    </ClCompile>
    <ClCompile Include="G:\QQ File\1390435486\五子棋框架\五子棋框架\VS\renju\createmoves.cpp">
      <Filter>源文件</Filter>
    </ClCompile>
    <ClCompile Include="G:\QQ File\1390435486\五子棋框架\五子棋框架\VS\renju\define.cpp">
      <Filter>源文件</Filter>
    </ClCompile>
    <ClCompile Include="G:\QQ File\1390435486\五子棋框架\五子棋框架\VS\renju\evaluate.cpp">
      <Filter>源文件</Filter>
    </ClCompile>
    <ClCompile Include="G:\QQ File\1390435486\五子棋框架\五子棋框架\VS\renju\gameover.cpp">
      <Filter>源文件</Filter>
    </ClCompile>
    <ClCompile Include="G:\QQ File\1390435486\五子棋框架\五子棋框架\VS\renju\makemove.cpp">
      <Filter>源文件</Filter>
    </ClCompile>
    <ClCompile Include="G:\QQ File\1390435486\五子棋框架\五子棋框架\VS\renju\printchessboard.cpp">
      <Filter>源文件</Filter>
    </ClCompile>
    <ClCompile Include="G:\QQ File\1390435486\五子棋框架\五子棋框架\VS\renju\searchmove.cpp">
      <Filter>源文件</Filter>
    </ClCompile>
    <ClCompile Include="G:\QQ File\1390435486\五子棋框架\五子棋框架\VS\renju\start.cpp">
      <Filter>源文件</Filter>
    </ClCompile>
    <ClCompile Include="G:\QQ File\1390435486\五子棋框架\五子棋框架\源文件\createmoves.cpp">
      <Filter>源文件</Filter>
    </ClCompile>
    <ClCompile Include="G:\QQ File\1390435486\五子棋框架\五子棋框架\源文件\define.cpp">
      <Filter>源文件</Filter>
    </ClCompile>
    <ClCompile Include="G:\QQ File\1390435486\五子棋框架\五子棋框架\源文件\evaluate.cpp">
      <Filter>源文件</Filter>
    </ClCompile>
    <ClCompile Include="G:\QQ File\1390435486\五子棋框架\五子棋框架\源文件\gameover.cpp">
      <Filter>源文件</Filter>
    </ClCompile>
    <ClCompile Include="G:\QQ File\1390435486\五子棋框架\五子棋框架\源文件\makemove.cpp">
      <Filter>源文件</Filter>
    </ClCompile>
    <ClCompile Include="G:\QQ File\1390435486\五子棋框架\五子棋框架\源文件\printchessboard.cpp">
      <Filter>源文件</Filter>
    </ClCompile>
    <ClCompile Include="G:\QQ File\1390435486\五子棋框架\五子棋框架\源文件\searchmove.cpp">
      <Filter>源文件</Filter>
    </ClCompile>
    <ClCompile Include="G:\QQ File\1390435486\五子棋框架\五子棋框架\源文件\start.cpp">
      <Filter>源文件</Filter>
    </ClCompile>
  </ItemGroup>
  <ItemGroup>
    <None Include="..\..\READ ME.md">
      <Filter>资源文件</Filter>
    </None>
  </ItemGroup>
</Project>